
Microsoft Visual Studio Solution File, Format Version 12.00
# Visual Studio Version 16
VisualStudioVersion = 16.0.31613.86
MinimumVisualStudioVersion = 10.0.40219.1
Project("{FAE04EC0-301F-11D3-BF4B-00C04F79EFBC}") = "VP_4", "VP_4\VP_4.csproj", "{BA661BBF-44F2-45FB-B5EF-6327870352DB}"
EndProject
Global
	GlobalSection(SolutionConfigurationPlatforms) = preSolution
		Debug|Any CPU = Debug|Any CPU
		Release|Any CPU = Release|Any CPU
	EndGlobalSection
	GlobalSection(ProjectConfigurationPlatforms) = postSolution
		{BA661BBF-44F2-45FB-B5EF-6327870352DB}.Debug|Any CPU.ActiveCfg = Debug|Any CPU
		{BA661BBF-44F2-45FB-B5EF-6327870352DB}.Debug|Any CPU.Build.0 = Debug|Any CPU
		{BA661BBF-44F2-45FB-B5EF-6327870352DB}.Release|Any CPU.ActiveCfg = Release|Any CPU
		{BA661BBF-44F2-45FB-B5EF-6327870352DB}.Release|Any CPU.Build.0 = Release|Any CPU
	EndGlobalSection
	GlobalSection(SolutionProperties) = preSolution
		HideSolutionNode = FALSE
	EndGlobalSection
	GlobalSection(ExtensibilityGlobals) = postSolution
		SolutionGuid = {53DFC091-E4C2-44D9-AA95-5AFC4EC86DE1}
	EndGlobalSection
EndGlobal
