
Microsoft Visual Studio Solution File, Format Version 12.00
# Visual Studio Version 16
VisualStudioVersion = 16.0.31613.86
MinimumVisualStudioVersion = 10.0.40219.1
Project("{FAE04EC0-301F-11D3-BF4B-00C04F79EFBC}") = "VP_6", "VP_6\VP_6.csproj", "{86CC571E-EBB7-4F39-94A2-03836567F5D9}"
EndProject
Global
	GlobalSection(SolutionConfigurationPlatforms) = preSolution
		Debug|Any CPU = Debug|Any CPU
		Release|Any CPU = Release|Any CPU
	EndGlobalSection
	GlobalSection(ProjectConfigurationPlatforms) = postSolution
		{86CC571E-EBB7-4F39-94A2-03836567F5D9}.Debug|Any CPU.ActiveCfg = Debug|Any CPU
		{86CC571E-EBB7-4F39-94A2-03836567F5D9}.Debug|Any CPU.Build.0 = Debug|Any CPU
		{86CC571E-EBB7-4F39-94A2-03836567F5D9}.Release|Any CPU.ActiveCfg = Release|Any CPU
		{86CC571E-EBB7-4F39-94A2-03836567F5D9}.Release|Any CPU.Build.0 = Release|Any CPU
	EndGlobalSection
	GlobalSection(SolutionProperties) = preSolution
		HideSolutionNode = FALSE
	EndGlobalSection
	GlobalSection(ExtensibilityGlobals) = postSolution
		SolutionGuid = {B5DC38C1-B803-4AC0-934A-69DCF014A74C}
	EndGlobalSection
EndGlobal
